
Microsoft Visual Studio Solution File, Format Version 12.00
# Visual Studio Version 17
VisualStudioVersion = 17.3.32929.385
MinimumVisualStudioVersion = 10.0.40219.1
Project("{8BC9CEB8-8B4A-11D0-8D11-00A0C91BC942}") = "Main_StardewValley", "Main_StardewValley\Main_StardewValley.vcxproj", "{08D2A4F6-654C-469F-82DC-34848C089205}"
	ProjectSection(ProjectDependencies) = postProject
		{07DF0BBF-0D71-4B45-8869-1E307DFCC0CF} = {07DF0BBF-0D71-4B45-8869-1E307DFCC0CF}
		{E405CEE6-E9FC-4687-B696-8564F945CA05} = {E405CEE6-E9FC-4687-B696-8564F945CA05}
		{F197CDFF-61C6-441B-8A05-79C220C2825C} = {F197CDFF-61C6-441B-8A05-79C220C2825C}
		{FCAF9A85-A789-49E4-8967-D4ADB5379AB6} = {FCAF9A85-A789-49E4-8967-D4ADB5379AB6}
	EndProjectSection
EndProject
Project("{2150E333-8FDC-42A3-9474-1A3956D46DE8}") = "01", "01", "{3CFAA645-4AE7-4115-A523-57EA56C13D04}"
EndProject
Project("{2150E333-8FDC-42A3-9474-1A3956D46DE8}") = "02", "02", "{2528A866-91B4-46B3-AB6D-E8FE63EAE360}"
EndProject
Project("{2150E333-8FDC-42A3-9474-1A3956D46DE8}") = "03", "03", "{F32A0FA2-6E52-4736-8C28-D31226DA359B}"
EndProject
Project("{2150E333-8FDC-42A3-9474-1A3956D46DE8}") = "04", "04", "{A5D0E93F-03CC-48C4-85B3-C9023C748B0F}"
EndProject
Project("{2150E333-8FDC-42A3-9474-1A3956D46DE8}") = "00", "00", "{0EFF41F5-0853-4C98-A1C1-3ED6E3064F9E}"
EndProject
Project("{8BC9CEB8-8B4A-11D0-8D11-00A0C91BC942}") = "GameEngineBase", "GameEngineBase\GameEngineBase.vcxproj", "{FCAF9A85-A789-49E4-8967-D4ADB5379AB6}"
EndProject
Project("{8BC9CEB8-8B4A-11D0-8D11-00A0C91BC942}") = "GameEnginePlatform", "GameEnginePlatform\GameEnginePlatform.vcxproj", "{E405CEE6-E9FC-4687-B696-8564F945CA05}"
	ProjectSection(ProjectDependencies) = postProject
		{FCAF9A85-A789-49E4-8967-D4ADB5379AB6} = {FCAF9A85-A789-49E4-8967-D4ADB5379AB6}
	EndProjectSection
EndProject
Project("{8BC9CEB8-8B4A-11D0-8D11-00A0C91BC942}") = "GameEngineCore", "GameEngineCore\GameEngineCore.vcxproj", "{F197CDFF-61C6-441B-8A05-79C220C2825C}"
	ProjectSection(ProjectDependencies) = postProject
		{E405CEE6-E9FC-4687-B696-8564F945CA05} = {E405CEE6-E9FC-4687-B696-8564F945CA05}
		{FCAF9A85-A789-49E4-8967-D4ADB5379AB6} = {FCAF9A85-A789-49E4-8967-D4ADB5379AB6}
	EndProjectSection
EndProject
Project("{8BC9CEB8-8B4A-11D0-8D11-00A0C91BC942}") = "Content_StardewValley", "Content_StardewValley\Content_StardewValley.vcxproj", "{07DF0BBF-0D71-4B45-8869-1E307DFCC0CF}"
	ProjectSection(ProjectDependencies) = postProject
		{E405CEE6-E9FC-4687-B696-8564F945CA05} = {E405CEE6-E9FC-4687-B696-8564F945CA05}
		{F197CDFF-61C6-441B-8A05-79C220C2825C} = {F197CDFF-61C6-441B-8A05-79C220C2825C}
		{FCAF9A85-A789-49E4-8967-D4ADB5379AB6} = {FCAF9A85-A789-49E4-8967-D4ADB5379AB6}
	EndProjectSection
EndProject
Global
	GlobalSection(SolutionConfigurationPlatforms) = preSolution
		Debug|x64 = Debug|x64
		Debug|x86 = Debug|x86
		Release|x64 = Release|x64
		Release|x86 = Release|x86
	EndGlobalSection
	GlobalSection(ProjectConfigurationPlatforms) = postSolution
		{08D2A4F6-654C-469F-82DC-34848C089205}.Debug|x64.ActiveCfg = Debug|x64
		{08D2A4F6-654C-469F-82DC-34848C089205}.Debug|x64.Build.0 = Debug|x64
		{08D2A4F6-654C-469F-82DC-34848C089205}.Debug|x86.ActiveCfg = Debug|Win32
		{08D2A4F6-654C-469F-82DC-34848C089205}.Debug|x86.Build.0 = Debug|Win32
		{08D2A4F6-654C-469F-82DC-34848C089205}.Release|x64.ActiveCfg = Release|x64
		{08D2A4F6-654C-469F-82DC-34848C089205}.Release|x64.Build.0 = Release|x64
		{08D2A4F6-654C-469F-82DC-34848C089205}.Release|x86.ActiveCfg = Release|Win32
		{08D2A4F6-654C-469F-82DC-34848C089205}.Release|x86.Build.0 = Release|Win32
		{FCAF9A85-A789-49E4-8967-D4ADB5379AB6}.Debug|x64.ActiveCfg = Debug|x64
		{FCAF9A85-A789-49E4-8967-D4ADB5379AB6}.Debug|x64.Build.0 = Debug|x64
		{FCAF9A85-A789-49E4-8967-D4ADB5379AB6}.Debug|x86.ActiveCfg = Debug|Win32
		{FCAF9A85-A789-49E4-8967-D4ADB5379AB6}.Debug|x86.Build.0 = Debug|Win32
		{FCAF9A85-A789-49E4-8967-D4ADB5379AB6}.Release|x64.ActiveCfg = Release|x64
		{FCAF9A85-A789-49E4-8967-D4ADB5379AB6}.Release|x64.Build.0 = Release|x64
		{FCAF9A85-A789-49E4-8967-D4ADB5379AB6}.Release|x86.ActiveCfg = Release|Win32
		{FCAF9A85-A789-49E4-8967-D4ADB5379AB6}.Release|x86.Build.0 = Release|Win32
		{E405CEE6-E9FC-4687-B696-8564F945CA05}.Debug|x64.ActiveCfg = Debug|x64
		{E405CEE6-E9FC-4687-B696-8564F945CA05}.Debug|x64.Build.0 = Debug|x64
		{E405CEE6-E9FC-4687-B696-8564F945CA05}.Debug|x86.ActiveCfg = Debug|Win32
		{E405CEE6-E9FC-4687-B696-8564F945CA05}.Debug|x86.Build.0 = Debug|Win32
		{E405CEE6-E9FC-4687-B696-8564F945CA05}.Release|x64.ActiveCfg = Release|x64
		{E405CEE6-E9FC-4687-B696-8564F945CA05}.Release|x64.Build.0 = Release|x64
		{E405CEE6-E9FC-4687-B696-8564F945CA05}.Release|x86.ActiveCfg = Release|Win32
		{E405CEE6-E9FC-4687-B696-8564F945CA05}.Release|x86.Build.0 = Release|Win32
		{F197CDFF-61C6-441B-8A05-79C220C2825C}.Debug|x64.ActiveCfg = Debug|x64
		{F197CDFF-61C6-441B-8A05-79C220C2825C}.Debug|x64.Build.0 = Debug|x64
		{F197CDFF-61C6-441B-8A05-79C220C2825C}.Debug|x86.ActiveCfg = Debug|Win32
		{F197CDFF-61C6-441B-8A05-79C220C2825C}.Debug|x86.Build.0 = Debug|Win32
		{F197CDFF-61C6-441B-8A05-79C220C2825C}.Release|x64.ActiveCfg = Release|x64
		{F197CDFF-61C6-441B-8A05-79C220C2825C}.Release|x64.Build.0 = Release|x64
		{F197CDFF-61C6-441B-8A05-79C220C2825C}.Release|x86.ActiveCfg = Release|Win32
		{F197CDFF-61C6-441B-8A05-79C220C2825C}.Release|x86.Build.0 = Release|Win32
		{07DF0BBF-0D71-4B45-8869-1E307DFCC0CF}.Debug|x64.ActiveCfg = Debug|x64
		{07DF0BBF-0D71-4B45-8869-1E307DFCC0CF}.Debug|x64.Build.0 = Debug|x64
		{07DF0BBF-0D71-4B45-8869-1E307DFCC0CF}.Debug|x86.ActiveCfg = Debug|Win32
		{07DF0BBF-0D71-4B45-8869-1E307DFCC0CF}.Debug|x86.Build.0 = Debug|Win32
		{07DF0BBF-0D71-4B45-8869-1E307DFCC0CF}.Release|x64.ActiveCfg = Release|x64
		{07DF0BBF-0D71-4B45-8869-1E307DFCC0CF}.Release|x64.Build.0 = Release|x64
		{07DF0BBF-0D71-4B45-8869-1E307DFCC0CF}.Release|x86.ActiveCfg = Release|Win32
		{07DF0BBF-0D71-4B45-8869-1E307DFCC0CF}.Release|x86.Build.0 = Release|Win32
	EndGlobalSection
	GlobalSection(SolutionProperties) = preSolution
		HideSolutionNode = FALSE
	EndGlobalSection
	GlobalSection(NestedProjects) = preSolution
		{08D2A4F6-654C-469F-82DC-34848C089205} = {A5D0E93F-03CC-48C4-85B3-C9023C748B0F}
		{FCAF9A85-A789-49E4-8967-D4ADB5379AB6} = {0EFF41F5-0853-4C98-A1C1-3ED6E3064F9E}
		{E405CEE6-E9FC-4687-B696-8564F945CA05} = {3CFAA645-4AE7-4115-A523-57EA56C13D04}
		{F197CDFF-61C6-441B-8A05-79C220C2825C} = {2528A866-91B4-46B3-AB6D-E8FE63EAE360}
		{07DF0BBF-0D71-4B45-8869-1E307DFCC0CF} = {F32A0FA2-6E52-4736-8C28-D31226DA359B}
	EndGlobalSection
	GlobalSection(ExtensibilityGlobals) = postSolution
		SolutionGuid = {F827F595-7F06-4149-9475-AE7E90230658}
	EndGlobalSection
EndGlobal
