<?xml version="1.0" encoding="utf-8"?>
<Project ToolsVersion="4.0" xmlns="http://schemas.microsoft.com/developer/msbuild/2003">
  <ItemGroup>
    <ClInclude Include="GameEngineCore.h" />
    <ClInclude Include="GameEngineActor.h">
      <Filter>Object</Filter>
    </ClInclude>
    <ClInclude Include="GameEngineLevel.h">
      <Filter>Object</Filter>
    </ClInclude>
    <ClInclude Include="GameEngineResources.h">
      <Filter>Resources</Filter>
    </ClInclude>
    <ClInclude Include="GameEngineRender.h">
      <Filter>Object\Rendering</Filter>
    </ClInclude>
    <ClInclude Include="GameEngineObject.h">
      <Filter>Object</Filter>
    </ClInclude>
    <ClInclude Include="GameEngineCollision.h">
      <Filter>Object\Collision</Filter>
    </ClInclude>
    <ClInclude Include="GameEngineComponent.h">
      <Filter>Object</Filter>
    </ClInclude>
    <ClInclude Include="Button.h">
      <Filter>Object\BasicContents\Actor</Filter>
    </ClInclude>
    <ClInclude Include="NumberRenderObject.h">
      <Filter>Object\BasicContents\SubClass</Filter>
    </ClInclude>
  </ItemGroup>
  <ItemGroup>
    <ClCompile Include="GameEngineCore.cpp" />
    <ClCompile Include="GameEngineActor.cpp">
      <Filter>Object</Filter>
    </ClCompile>
    <ClCompile Include="GameEngineLevel.cpp">
      <Filter>Object</Filter>
    </ClCompile>
    <ClCompile Include="GameEngineResources.cpp">
      <Filter>Resources</Filter>
    </ClCompile>
    <ClCompile Include="GameEngineRender.cpp">
      <Filter>Object\Rendering</Filter>
    </ClCompile>
    <ClCompile Include="GameEngineObject.cpp">
      <Filter>Object</Filter>
    </ClCompile>
    <ClCompile Include="GameEngineCollision.cpp">
      <Filter>Object\Collision</Filter>
    </ClCompile>
    <ClCompile Include="GameEngineComponent.cpp">
      <Filter>Object</Filter>
    </ClCompile>
    <ClCompile Include="Button.cpp">
      <Filter>Object\BasicContents\Actor</Filter>
    </ClCompile>
    <ClCompile Include="NumberRenderObject.cpp">
      <Filter>Object\BasicContents\SubClass</Filter>
    </ClCompile>
  </ItemGroup>
  <ItemGroup>
    <Filter Include="Object">
      <UniqueIdentifier>{61da20f2-294b-4815-92ca-64566381bc26}</UniqueIdentifier>
    </Filter>
    <Filter Include="Resources">
      <UniqueIdentifier>{cb8b7483-77a1-440c-8145-8b00a4990342}</UniqueIdentifier>
    </Filter>
    <Filter Include="Object\Rendering">
      <UniqueIdentifier>{9ff5ea44-4985-468d-a75e-87b94cde0ce8}</UniqueIdentifier>
    </Filter>
    <Filter Include="Object\Collision">
      <UniqueIdentifier>{11d62991-0e3e-4ecf-bdf0-47fdc12bbcbb}</UniqueIdentifier>
    </Filter>
    <Filter Include="Object\BasicContents">
      <UniqueIdentifier>{85de63ef-9de1-4d4f-80b9-64dbe3125e2e}</UniqueIdentifier>
    </Filter>
    <Filter Include="Object\BasicContents\Actor">
      <UniqueIdentifier>{c92f49c6-c2b0-4ea8-ac46-5afd2122cfbe}</UniqueIdentifier>
    </Filter>
    <Filter Include="Object\BasicContents\SubClass">
      <UniqueIdentifier>{d15f3917-a73f-4971-8d3c-acaaf50433c7}</UniqueIdentifier>
    </Filter>
  </ItemGroup>
</Project>